// !$*UTF8*$!
{
	archiveVersion = 1;
	classes = {
	};
	objectVersion = 50;
	objects = {

/* Begin PBXBuildFile section */
		019592AD29DEB7B40BE7C935 /* Pods_MankaUITests.framework in Frameworks */ = {isa = PBXBuildFile; fileRef = 91733A6516FC0C73F1837D3F /* Pods_MankaUITests.framework */; };
		858CEFB4865147906ECA6DF3 /* Pods_MankaTests.framework in Frameworks */ = {isa = PBXBuildFile; fileRef = A0EDE390CEA1D3CB3103F486 /* Pods_MankaTests.framework */; };
		8836B3244D4BC907F42D3DFA /* Pods_Manka.framework in Frameworks */ = {isa = PBXBuildFile; fileRef = E9A4DB3E24DBAECD32DFD78E /* Pods_Manka.framework */; };
		D2351CF824E42C38005C16FF /* MankaModel.swift in Sources */ = {isa = PBXBuildFile; fileRef = D2351CF724E42C38005C16FF /* MankaModel.swift */; };
		D2351CFA24E42E82005C16FF /* MankaRankCollectionViewCell.swift in Sources */ = {isa = PBXBuildFile; fileRef = D2351CF924E42E82005C16FF /* MankaRankCollectionViewCell.swift */; };
		D2351CFC24E43025005C16FF /* MankaBaseCollectionViewCell.swift in Sources */ = {isa = PBXBuildFile; fileRef = D2351CFB24E43025005C16FF /* MankaBaseCollectionViewCell.swift */; };
		D2351CFE24E43920005C16FF /* MankaTopCollectionViewCell.swift in Sources */ = {isa = PBXBuildFile; fileRef = D2351CFD24E43920005C16FF /* MankaTopCollectionViewCell.swift */; };
		D2351D0124E43A2E005C16FF /* MankaAPI.swift in Sources */ = {isa = PBXBuildFile; fileRef = D2351D0024E43A2E005C16FF /* MankaAPI.swift */; };
		D2351D0424E43E09005C16FF /* Refresh.swift in Sources */ = {isa = PBXBuildFile; fileRef = D2351D0324E43E09005C16FF /* Refresh.swift */; };
		D2351D0624E43E7B005C16FF /* EmptyDataSet.swift in Sources */ = {isa = PBXBuildFile; fileRef = D2351D0524E43E7B005C16FF /* EmptyDataSet.swift */; };
		D2351D0C24E7C9C0005C16FF /* MankaPageController.swift in Sources */ = {isa = PBXBuildFile; fileRef = D2351D0B24E7C9C0005C16FF /* MankaPageController.swift */; };
		D2351D0E24E7CD69005C16FF /* MankaComicListController.swift in Sources */ = {isa = PBXBuildFile; fileRef = D2351D0D24E7CD69005C16FF /* MankaComicListController.swift */; };
		D2351D1224E7D90C005C16FF /* MankaComicTVCell.swift in Sources */ = {isa = PBXBuildFile; fileRef = D2351D1124E7D90C005C16FF /* MankaComicTVCell.swift */; };
		D2351D1524E7D9A1005C16FF /* MankaBaseTableViewCell.swift in Sources */ = {isa = PBXBuildFile; fileRef = D2351D1424E7D9A1005C16FF /* MankaBaseTableViewCell.swift */; };
		D27E4E2F24E2D0B6009F3416 /* AppDelegate.swift in Sources */ = {isa = PBXBuildFile; fileRef = D27E4E2E24E2D0B6009F3416 /* AppDelegate.swift */; };
		D27E4E3124E2D0B6009F3416 /* SceneDelegate.swift in Sources */ = {isa = PBXBuildFile; fileRef = D27E4E3024E2D0B6009F3416 /* SceneDelegate.swift */; };
		D27E4E3324E2D0B6009F3416 /* ViewController.swift in Sources */ = {isa = PBXBuildFile; fileRef = D27E4E3224E2D0B6009F3416 /* ViewController.swift */; };
		D27E4E3624E2D0B6009F3416 /* Main.storyboard in Resources */ = {isa = PBXBuildFile; fileRef = D27E4E3424E2D0B6009F3416 /* Main.storyboard */; };
		D27E4E3924E2D0B6009F3416 /* Manka.xcdatamodeld in Sources */ = {isa = PBXBuildFile; fileRef = D27E4E3724E2D0B6009F3416 /* Manka.xcdatamodeld */; };
		D27E4E3B24E2D0B8009F3416 /* Assets.xcassets in Resources */ = {isa = PBXBuildFile; fileRef = D27E4E3A24E2D0B8009F3416 /* Assets.xcassets */; };
		D27E4E3E24E2D0B8009F3416 /* LaunchScreen.storyboard in Resources */ = {isa = PBXBuildFile; fileRef = D27E4E3C24E2D0B8009F3416 /* LaunchScreen.storyboard */; };
		D27E4E4924E2D0B8009F3416 /* MankaTests.swift in Sources */ = {isa = PBXBuildFile; fileRef = D27E4E4824E2D0B8009F3416 /* MankaTests.swift */; };
		D27E4E5424E2D0B8009F3416 /* MankaUITests.swift in Sources */ = {isa = PBXBuildFile; fileRef = D27E4E5324E2D0B8009F3416 /* MankaUITests.swift */; };
		D2B4BE1224E2E160001546C3 /* MankaTabBarController.swift in Sources */ = {isa = PBXBuildFile; fileRef = D2B4BE1124E2E160001546C3 /* MankaTabBarController.swift */; };
		D2B4BE1424E2E327001546C3 /* MankaBaseController.swift in Sources */ = {isa = PBXBuildFile; fileRef = D2B4BE1324E2E327001546C3 /* MankaBaseController.swift */; };
		D2B4BE1724E2E3AD001546C3 /* MankaSetting.swift in Sources */ = {isa = PBXBuildFile; fileRef = D2B4BE1624E2E3AD001546C3 /* MankaSetting.swift */; };
		D2B4BE1E24E2E881001546C3 /* MankaCateController.swift in Sources */ = {isa = PBXBuildFile; fileRef = D2B4BE1D24E2E881001546C3 /* MankaCateController.swift */; };
		D2B4BE2024E2EFBB001546C3 /* MankaNaviController.swift in Sources */ = {isa = PBXBuildFile; fileRef = D2B4BE1F24E2EFBB001546C3 /* MankaNaviController.swift */; };
/* End PBXBuildFile section */

/* Begin PBXContainerItemProxy section */
		D27E4E4524E2D0B8009F3416 /* PBXContainerItemProxy */ = {
			isa = PBXContainerItemProxy;
			containerPortal = D27E4E2324E2D0B6009F3416 /* Project object */;
			proxyType = 1;
			remoteGlobalIDString = D27E4E2A24E2D0B6009F3416;
			remoteInfo = Manka;
		};
		D27E4E5024E2D0B8009F3416 /* PBXContainerItemProxy */ = {
			isa = PBXContainerItemProxy;
			containerPortal = D27E4E2324E2D0B6009F3416 /* Project object */;
			proxyType = 1;
			remoteGlobalIDString = D27E4E2A24E2D0B6009F3416;
			remoteInfo = Manka;
		};
/* End PBXContainerItemProxy section */

/* Begin PBXFileReference section */
		1D1DE57C81A9570CBA1BAE72 /* Pods-MankaUITests.release.xcconfig */ = {isa = PBXFileReference; includeInIndex = 1; lastKnownFileType = text.xcconfig; name = "Pods-MankaUITests.release.xcconfig"; path = "Pods/Target Support Files/Pods-MankaUITests/Pods-MankaUITests.release.xcconfig"; sourceTree = "<group>"; };
		20B68509286D5F2B000FA412 /* Pods-MankaUITests.debug.xcconfig */ = {isa = PBXFileReference; includeInIndex = 1; lastKnownFileType = text.xcconfig; name = "Pods-MankaUITests.debug.xcconfig"; path = "Pods/Target Support Files/Pods-MankaUITests/Pods-MankaUITests.debug.xcconfig"; sourceTree = "<group>"; };
		61562E0404A98F82C88AEA3A /* Pods-Manka.release.xcconfig */ = {isa = PBXFileReference; includeInIndex = 1; lastKnownFileType = text.xcconfig; name = "Pods-Manka.release.xcconfig"; path = "Pods/Target Support Files/Pods-Manka/Pods-Manka.release.xcconfig"; sourceTree = "<group>"; };
		7A77CA8F20464C3C424D3E35 /* Pods-Manka.debug.xcconfig */ = {isa = PBXFileReference; includeInIndex = 1; lastKnownFileType = text.xcconfig; name = "Pods-Manka.debug.xcconfig"; path = "Pods/Target Support Files/Pods-Manka/Pods-Manka.debug.xcconfig"; sourceTree = "<group>"; };
		91733A6516FC0C73F1837D3F /* Pods_MankaUITests.framework */ = {isa = PBXFileReference; explicitFileType = wrapper.framework; includeInIndex = 0; path = Pods_MankaUITests.framework; sourceTree = BUILT_PRODUCTS_DIR; };
		9AC00DDB3A273B4309C7D4F4 /* Pods-MankaTests.release.xcconfig */ = {isa = PBXFileReference; includeInIndex = 1; lastKnownFileType = text.xcconfig; name = "Pods-MankaTests.release.xcconfig"; path = "Pods/Target Support Files/Pods-MankaTests/Pods-MankaTests.release.xcconfig"; sourceTree = "<group>"; };
		A0EDE390CEA1D3CB3103F486 /* Pods_MankaTests.framework */ = {isa = PBXFileReference; explicitFileType = wrapper.framework; includeInIndex = 0; path = Pods_MankaTests.framework; sourceTree = BUILT_PRODUCTS_DIR; };
		D2351CF724E42C38005C16FF /* MankaModel.swift */ = {isa = PBXFileReference; lastKnownFileType = sourcecode.swift; path = MankaModel.swift; sourceTree = "<group>"; };
		D2351CF924E42E82005C16FF /* MankaRankCollectionViewCell.swift */ = {isa = PBXFileReference; lastKnownFileType = sourcecode.swift; path = MankaRankCollectionViewCell.swift; sourceTree = "<group>"; };
		D2351CFB24E43025005C16FF /* MankaBaseCollectionViewCell.swift */ = {isa = PBXFileReference; lastKnownFileType = sourcecode.swift; path = MankaBaseCollectionViewCell.swift; sourceTree = "<group>"; };
		D2351CFD24E43920005C16FF /* MankaTopCollectionViewCell.swift */ = {isa = PBXFileReference; lastKnownFileType = sourcecode.swift; path = MankaTopCollectionViewCell.swift; sourceTree = "<group>"; };
		D2351D0024E43A2E005C16FF /* MankaAPI.swift */ = {isa = PBXFileReference; lastKnownFileType = sourcecode.swift; path = MankaAPI.swift; sourceTree = "<group>"; };
		D2351D0324E43E09005C16FF /* Refresh.swift */ = {isa = PBXFileReference; lastKnownFileType = sourcecode.swift; path = Refresh.swift; sourceTree = "<group>"; };
		D2351D0524E43E7B005C16FF /* EmptyDataSet.swift */ = {isa = PBXFileReference; lastKnownFileType = sourcecode.swift; path = EmptyDataSet.swift; sourceTree = "<group>"; };
		D2351D0B24E7C9C0005C16FF /* MankaPageController.swift */ = {isa = PBXFileReference; lastKnownFileType = sourcecode.swift; path = MankaPageController.swift; sourceTree = "<group>"; };
		D2351D0D24E7CD69005C16FF /* MankaComicListController.swift */ = {isa = PBXFileReference; lastKnownFileType = sourcecode.swift; path = MankaComicListController.swift; sourceTree = "<group>"; };
		D2351D1124E7D90C005C16FF /* MankaComicTVCell.swift */ = {isa = PBXFileReference; lastKnownFileType = sourcecode.swift; path = MankaComicTVCell.swift; sourceTree = "<group>"; };
		D2351D1424E7D9A1005C16FF /* MankaBaseTableViewCell.swift */ = {isa = PBXFileReference; lastKnownFileType = sourcecode.swift; path = MankaBaseTableViewCell.swift; sourceTree = "<group>"; };
		D27E4E2B24E2D0B6009F3416 /* Manka.app */ = {isa = PBXFileReference; explicitFileType = wrapper.application; includeInIndex = 0; path = Manka.app; sourceTree = BUILT_PRODUCTS_DIR; };
		D27E4E2E24E2D0B6009F3416 /* AppDelegate.swift */ = {isa = PBXFileReference; lastKnownFileType = sourcecode.swift; path = AppDelegate.swift; sourceTree = "<group>"; };
		D27E4E3024E2D0B6009F3416 /* SceneDelegate.swift */ = {isa = PBXFileReference; lastKnownFileType = sourcecode.swift; path = SceneDelegate.swift; sourceTree = "<group>"; };
		D27E4E3224E2D0B6009F3416 /* ViewController.swift */ = {isa = PBXFileReference; lastKnownFileType = sourcecode.swift; path = ViewController.swift; sourceTree = "<group>"; };
		D27E4E3524E2D0B6009F3416 /* Base */ = {isa = PBXFileReference; lastKnownFileType = file.storyboard; name = Base; path = Base.lproj/Main.storyboard; sourceTree = "<group>"; };
		D27E4E3824E2D0B6009F3416 /* Manka.xcdatamodel */ = {isa = PBXFileReference; lastKnownFileType = wrapper.xcdatamodel; path = Manka.xcdatamodel; sourceTree = "<group>"; };
		D27E4E3A24E2D0B8009F3416 /* Assets.xcassets */ = {isa = PBXFileReference; lastKnownFileType = folder.assetcatalog; path = Assets.xcassets; sourceTree = "<group>"; };
		D27E4E3D24E2D0B8009F3416 /* Base */ = {isa = PBXFileReference; lastKnownFileType = file.storyboard; name = Base; path = Base.lproj/LaunchScreen.storyboard; sourceTree = "<group>"; };
		D27E4E3F24E2D0B8009F3416 /* Info.plist */ = {isa = PBXFileReference; lastKnownFileType = text.plist.xml; path = Info.plist; sourceTree = "<group>"; };
		D27E4E4424E2D0B8009F3416 /* MankaTests.xctest */ = {isa = PBXFileReference; explicitFileType = wrapper.cfbundle; includeInIndex = 0; path = MankaTests.xctest; sourceTree = BUILT_PRODUCTS_DIR; };
		D27E4E4824E2D0B8009F3416 /* MankaTests.swift */ = {isa = PBXFileReference; lastKnownFileType = sourcecode.swift; path = MankaTests.swift; sourceTree = "<group>"; };
		D27E4E4A24E2D0B8009F3416 /* Info.plist */ = {isa = PBXFileReference; lastKnownFileType = text.plist.xml; path = Info.plist; sourceTree = "<group>"; };
		D27E4E4F24E2D0B8009F3416 /* MankaUITests.xctest */ = {isa = PBXFileReference; explicitFileType = wrapper.cfbundle; includeInIndex = 0; path = MankaUITests.xctest; sourceTree = BUILT_PRODUCTS_DIR; };
		D27E4E5324E2D0B8009F3416 /* MankaUITests.swift */ = {isa = PBXFileReference; lastKnownFileType = sourcecode.swift; path = MankaUITests.swift; sourceTree = "<group>"; };
		D27E4E5524E2D0B8009F3416 /* Info.plist */ = {isa = PBXFileReference; lastKnownFileType = text.plist.xml; path = Info.plist; sourceTree = "<group>"; };
		D2B4BE1124E2E160001546C3 /* MankaTabBarController.swift */ = {isa = PBXFileReference; lastKnownFileType = sourcecode.swift; path = MankaTabBarController.swift; sourceTree = "<group>"; };
		D2B4BE1324E2E327001546C3 /* MankaBaseController.swift */ = {isa = PBXFileReference; lastKnownFileType = sourcecode.swift; path = MankaBaseController.swift; sourceTree = "<group>"; };
		D2B4BE1624E2E3AD001546C3 /* MankaSetting.swift */ = {isa = PBXFileReference; lastKnownFileType = sourcecode.swift; path = MankaSetting.swift; sourceTree = "<group>"; };
		D2B4BE1D24E2E881001546C3 /* MankaCateController.swift */ = {isa = PBXFileReference; lastKnownFileType = sourcecode.swift; path = MankaCateController.swift; sourceTree = "<group>"; };
		D2B4BE1F24E2EFBB001546C3 /* MankaNaviController.swift */ = {isa = PBXFileReference; lastKnownFileType = sourcecode.swift; path = MankaNaviController.swift; sourceTree = "<group>"; };
		E1468107E0729EDAA4ECB08A /* Pods-MankaTests.debug.xcconfig */ = {isa = PBXFileReference; includeInIndex = 1; lastKnownFileType = text.xcconfig; name = "Pods-MankaTests.debug.xcconfig"; path = "Pods/Target Support Files/Pods-MankaTests/Pods-MankaTests.debug.xcconfig"; sourceTree = "<group>"; };
		E9A4DB3E24DBAECD32DFD78E /* Pods_Manka.framework */ = {isa = PBXFileReference; explicitFileType = wrapper.framework; includeInIndex = 0; path = Pods_Manka.framework; sourceTree = BUILT_PRODUCTS_DIR; };
/* End PBXFileReference section */

/* Begin PBXFrameworksBuildPhase section */
		D27E4E2824E2D0B6009F3416 /* Frameworks */ = {
			isa = PBXFrameworksBuildPhase;
			buildActionMask = 2147483647;
			files = (
				8836B3244D4BC907F42D3DFA /* Pods_Manka.framework in Frameworks */,
			);
			runOnlyForDeploymentPostprocessing = 0;
		};
		D27E4E4124E2D0B8009F3416 /* Frameworks */ = {
			isa = PBXFrameworksBuildPhase;
			buildActionMask = 2147483647;
			files = (
				858CEFB4865147906ECA6DF3 /* Pods_MankaTests.framework in Frameworks */,
			);
			runOnlyForDeploymentPostprocessing = 0;
		};
		D27E4E4C24E2D0B8009F3416 /* Frameworks */ = {
			isa = PBXFrameworksBuildPhase;
			buildActionMask = 2147483647;
			files = (
				019592AD29DEB7B40BE7C935 /* Pods_MankaUITests.framework in Frameworks */,
			);
			runOnlyForDeploymentPostprocessing = 0;
		};
/* End PBXFrameworksBuildPhase section */

/* Begin PBXGroup section */
		85B99BE76F943EB053044253 /* Frameworks */ = {
			isa = PBXGroup;
			children = (
				E9A4DB3E24DBAECD32DFD78E /* Pods_Manka.framework */,
				A0EDE390CEA1D3CB3103F486 /* Pods_MankaTests.framework */,
				91733A6516FC0C73F1837D3F /* Pods_MankaUITests.framework */,
			);
			name = Frameworks;
			sourceTree = "<group>";
		};
		D2351CFF24E43A1A005C16FF /* API */ = {
			isa = PBXGroup;
			children = (
				D2351D0024E43A2E005C16FF /* MankaAPI.swift */,
			);
			path = API;
			sourceTree = "<group>";
		};
		D2351D0224E43DD5005C16FF /* Common */ = {
			isa = PBXGroup;
			children = (
				D2351D0324E43E09005C16FF /* Refresh.swift */,
				D2351D0524E43E7B005C16FF /* EmptyDataSet.swift */,
			);
			path = Common;
			sourceTree = "<group>";
		};
		D2351D1324E7D94F005C16FF /* Base */ = {
			isa = PBXGroup;
			children = (
				D2351CFB24E43025005C16FF /* MankaBaseCollectionViewCell.swift */,
				D2351D1424E7D9A1005C16FF /* MankaBaseTableViewCell.swift */,
			);
			path = Base;
			sourceTree = "<group>";
		};
		D27E4E2224E2D0B6009F3416 = {
			isa = PBXGroup;
			children = (
				D27E4E2D24E2D0B6009F3416 /* Manka */,
				D27E4E4724E2D0B8009F3416 /* MankaTests */,
				D27E4E5224E2D0B8009F3416 /* MankaUITests */,
				D27E4E2C24E2D0B6009F3416 /* Products */,
				F9AA233CD32F3CAEC44622CE /* Pods */,
				85B99BE76F943EB053044253 /* Frameworks */,
			);
			sourceTree = "<group>";
		};
		D27E4E2C24E2D0B6009F3416 /* Products */ = {
			isa = PBXGroup;
			children = (
				D27E4E2B24E2D0B6009F3416 /* Manka.app */,
				D27E4E4424E2D0B8009F3416 /* MankaTests.xctest */,
				D27E4E4F24E2D0B8009F3416 /* MankaUITests.xctest */,
			);
			name = Products;
			sourceTree = "<group>";
		};
		D27E4E2D24E2D0B6009F3416 /* Manka */ = {
			isa = PBXGroup;
			children = (
				D2351D0224E43DD5005C16FF /* Common */,
				D2351CFF24E43A1A005C16FF /* API */,
				D2B4BE1524E2E358001546C3 /* Setting */,
				D2B4BE1024E2E10B001546C3 /* View */,
				D2B4BE0F24E2E103001546C3 /* Model */,
				D2B4BE0E24E2E0DF001546C3 /* Controller */,
				D27E4E2E24E2D0B6009F3416 /* AppDelegate.swift */,
				D27E4E3024E2D0B6009F3416 /* SceneDelegate.swift */,
				D27E4E3224E2D0B6009F3416 /* ViewController.swift */,
				D27E4E3424E2D0B6009F3416 /* Main.storyboard */,
				D27E4E3A24E2D0B8009F3416 /* Assets.xcassets */,
				D27E4E3C24E2D0B8009F3416 /* LaunchScreen.storyboard */,
				D27E4E3F24E2D0B8009F3416 /* Info.plist */,
				D27E4E3724E2D0B6009F3416 /* Manka.xcdatamodeld */,
			);
			path = Manka;
			sourceTree = "<group>";
		};
		D27E4E4724E2D0B8009F3416 /* MankaTests */ = {
			isa = PBXGroup;
			children = (
				D27E4E4824E2D0B8009F3416 /* MankaTests.swift */,
				D27E4E4A24E2D0B8009F3416 /* Info.plist */,
			);
			path = MankaTests;
			sourceTree = "<group>";
		};
		D27E4E5224E2D0B8009F3416 /* MankaUITests */ = {
			isa = PBXGroup;
			children = (
				D27E4E5324E2D0B8009F3416 /* MankaUITests.swift */,
				D27E4E5524E2D0B8009F3416 /* Info.plist */,
			);
			path = MankaUITests;
			sourceTree = "<group>";
		};
		D2B4BE0E24E2E0DF001546C3 /* Controller */ = {
			isa = PBXGroup;
			children = (
				D2B4BE1924E2E7F5001546C3 /* MankaCate */,
				D2B4BE1824E2E7E7001546C3 /* Base */,
			);
			path = Controller;
			sourceTree = "<group>";
		};
		D2B4BE0F24E2E103001546C3 /* Model */ = {
			isa = PBXGroup;
			children = (
				D2351CF724E42C38005C16FF /* MankaModel.swift */,
			);
			path = Model;
			sourceTree = "<group>";
		};
		D2B4BE1024E2E10B001546C3 /* View */ = {
			isa = PBXGroup;
			children = (
				D2351D1324E7D94F005C16FF /* Base */,
			);
			path = View;
			sourceTree = "<group>";
		};
		D2B4BE1524E2E358001546C3 /* Setting */ = {
			isa = PBXGroup;
			children = (
				D2B4BE1624E2E3AD001546C3 /* MankaSetting.swift */,
			);
			path = Setting;
			sourceTree = "<group>";
		};
		D2B4BE1824E2E7E7001546C3 /* Base */ = {
			isa = PBXGroup;
			children = (
				D2B4BE1324E2E327001546C3 /* MankaBaseController.swift */,
				D2B4BE1124E2E160001546C3 /* MankaTabBarController.swift */,
				D2B4BE1F24E2EFBB001546C3 /* MankaNaviController.swift */,
				D2351D0B24E7C9C0005C16FF /* MankaPageController.swift */,
			);
			path = Base;
			sourceTree = "<group>";
		};
		D2B4BE1924E2E7F5001546C3 /* MankaCate */ = {
			isa = PBXGroup;
			children = (
				D2B4BE1C24E2E842001546C3 /* Model */,
				D2B4BE1B24E2E83C001546C3 /* View */,
				D2B4BE1A24E2E82D001546C3 /* Controller */,
			);
			path = MankaCate;
			sourceTree = "<group>";
		};
		D2B4BE1A24E2E82D001546C3 /* Controller */ = {
			isa = PBXGroup;
			children = (
				D2B4BE1D24E2E881001546C3 /* MankaCateController.swift */,
				D2351D0D24E7CD69005C16FF /* MankaComicListController.swift */,
			);
			path = Controller;
			sourceTree = "<group>";
		};
		D2B4BE1B24E2E83C001546C3 /* View */ = {
			isa = PBXGroup;
			children = (
				D2351CF924E42E82005C16FF /* MankaRankCollectionViewCell.swift */,
				D2351CFD24E43920005C16FF /* MankaTopCollectionViewCell.swift */,
				D2351D1124E7D90C005C16FF /* MankaComicTVCell.swift */,
			);
			path = View;
			sourceTree = "<group>";
		};
		D2B4BE1C24E2E842001546C3 /* Model */ = {
			isa = PBXGroup;
			children = (
			);
			path = Model;
			sourceTree = "<group>";
		};
		F9AA233CD32F3CAEC44622CE /* Pods */ = {
			isa = PBXGroup;
			children = (
				7A77CA8F20464C3C424D3E35 /* Pods-Manka.debug.xcconfig */,
				61562E0404A98F82C88AEA3A /* Pods-Manka.release.xcconfig */,
				E1468107E0729EDAA4ECB08A /* Pods-MankaTests.debug.xcconfig */,
				9AC00DDB3A273B4309C7D4F4 /* Pods-MankaTests.release.xcconfig */,
				20B68509286D5F2B000FA412 /* Pods-MankaUITests.debug.xcconfig */,
				1D1DE57C81A9570CBA1BAE72 /* Pods-MankaUITests.release.xcconfig */,
			);
			name = Pods;
			sourceTree = "<group>";
		};
/* End PBXGroup section */

/* Begin PBXNativeTarget section */
		D27E4E2A24E2D0B6009F3416 /* Manka */ = {
			isa = PBXNativeTarget;
			buildConfigurationList = D27E4E5824E2D0B8009F3416 /* Build configuration list for PBXNativeTarget "Manka" */;
			buildPhases = (
				3C4C0E9B547B2FCE9957419B /* [CP] Check Pods Manifest.lock */,
				D27E4E2724E2D0B6009F3416 /* Sources */,
				D27E4E2824E2D0B6009F3416 /* Frameworks */,
				D27E4E2924E2D0B6009F3416 /* Resources */,
				472AE2D9CA7C615327528DCA /* [CP] Embed Pods Frameworks */,
			);
			buildRules = (
			);
			dependencies = (
			);
			name = Manka;
			productName = Manka;
			productReference = D27E4E2B24E2D0B6009F3416 /* Manka.app */;
			productType = "com.apple.product-type.application";
		};
		D27E4E4324E2D0B8009F3416 /* MankaTests */ = {
			isa = PBXNativeTarget;
			buildConfigurationList = D27E4E5B24E2D0B8009F3416 /* Build configuration list for PBXNativeTarget "MankaTests" */;
			buildPhases = (
				69420DCA57F127D9EFF795C8 /* [CP] Check Pods Manifest.lock */,
				D27E4E4024E2D0B8009F3416 /* Sources */,
				D27E4E4124E2D0B8009F3416 /* Frameworks */,
				D27E4E4224E2D0B8009F3416 /* Resources */,
			);
			buildRules = (
			);
			dependencies = (
				D27E4E4624E2D0B8009F3416 /* PBXTargetDependency */,
			);
			name = MankaTests;
			productName = MankaTests;
			productReference = D27E4E4424E2D0B8009F3416 /* MankaTests.xctest */;
			productType = "com.apple.product-type.bundle.unit-test";
		};
		D27E4E4E24E2D0B8009F3416 /* MankaUITests */ = {
			isa = PBXNativeTarget;
			buildConfigurationList = D27E4E5E24E2D0B8009F3416 /* Build configuration list for PBXNativeTarget "MankaUITests" */;
			buildPhases = (
				14CEC415D428B72FF7840C1F /* [CP] Check Pods Manifest.lock */,
				D27E4E4B24E2D0B8009F3416 /* Sources */,
				D27E4E4C24E2D0B8009F3416 /* Frameworks */,
				D27E4E4D24E2D0B8009F3416 /* Resources */,
			);
			buildRules = (
			);
			dependencies = (
				D27E4E5124E2D0B8009F3416 /* PBXTargetDependency */,
			);
			name = MankaUITests;
			productName = MankaUITests;
			productReference = D27E4E4F24E2D0B8009F3416 /* MankaUITests.xctest */;
			productType = "com.apple.product-type.bundle.ui-testing";
		};
/* End PBXNativeTarget section */

/* Begin PBXProject section */
		D27E4E2324E2D0B6009F3416 /* Project object */ = {
			isa = PBXProject;
			attributes = {
				LastSwiftUpdateCheck = 1130;
				LastUpgradeCheck = 1130;
				ORGANIZATIONNAME = "CHEN SINYU";
				TargetAttributes = {
					D27E4E2A24E2D0B6009F3416 = {
						CreatedOnToolsVersion = 11.3.1;
					};
					D27E4E4324E2D0B8009F3416 = {
						CreatedOnToolsVersion = 11.3.1;
						TestTargetID = D27E4E2A24E2D0B6009F3416;
					};
					D27E4E4E24E2D0B8009F3416 = {
						CreatedOnToolsVersion = 11.3.1;
						TestTargetID = D27E4E2A24E2D0B6009F3416;
					};
				};
			};
			buildConfigurationList = D27E4E2624E2D0B6009F3416 /* Build configuration list for PBXProject "Manka" */;
			compatibilityVersion = "Xcode 9.3";
			developmentRegion = en;
			hasScannedForEncodings = 0;
			knownRegions = (
				en,
				Base,
			);
			mainGroup = D27E4E2224E2D0B6009F3416;
			productRefGroup = D27E4E2C24E2D0B6009F3416 /* Products */;
			projectDirPath = "";
			projectRoot = "";
			targets = (
				D27E4E2A24E2D0B6009F3416 /* Manka */,
				D27E4E4324E2D0B8009F3416 /* MankaTests */,
				D27E4E4E24E2D0B8009F3416 /* MankaUITests */,
			);
		};
/* End PBXProject section */

/* Begin PBXResourcesBuildPhase section */
		D27E4E2924E2D0B6009F3416 /* Resources */ = {
			isa = PBXResourcesBuildPhase;
			buildActionMask = 2147483647;
			files = (
				D27E4E3E24E2D0B8009F3416 /* LaunchScreen.storyboard in Resources */,
				D27E4E3B24E2D0B8009F3416 /* Assets.xcassets in Resources */,
				D27E4E3624E2D0B6009F3416 /* Main.storyboard in Resources */,
			);
			runOnlyForDeploymentPostprocessing = 0;
		};
		D27E4E4224E2D0B8009F3416 /* Resources */ = {
			isa = PBXResourcesBuildPhase;
			buildActionMask = 2147483647;
			files = (
			);
			runOnlyForDeploymentPostprocessing = 0;
		};
		D27E4E4D24E2D0B8009F3416 /* Resources */ = {
			isa = PBXResourcesBuildPhase;
			buildActionMask = 2147483647;
			files = (
			);
			runOnlyForDeploymentPostprocessing = 0;
		};
/* End PBXResourcesBuildPhase section */

/* Begin PBXShellScriptBuildPhase section */
		14CEC415D428B72FF7840C1F /* [CP] Check Pods Manifest.lock */ = {
			isa = PBXShellScriptBuildPhase;
			buildActionMask = 2147483647;
			files = (
			);
			inputFileListPaths = (
			);
			inputPaths = (
				"${PODS_PODFILE_DIR_PATH}/Podfile.lock",
				"${PODS_ROOT}/Manifest.lock",
			);
			name = "[CP] Check Pods Manifest.lock";
			outputFileListPaths = (
			);
			outputPaths = (
				"$(DERIVED_FILE_DIR)/Pods-MankaUITests-checkManifestLockResult.txt",
			);
			runOnlyForDeploymentPostprocessing = 0;
			shellPath = /bin/sh;
			shellScript = "diff \"${PODS_PODFILE_DIR_PATH}/Podfile.lock\" \"${PODS_ROOT}/Manifest.lock\" > /dev/null\nif [ $? != 0 ] ; then\n    # print error to STDERR\n    echo \"error: The sandbox is not in sync with the Podfile.lock. Run 'pod install' or update your CocoaPods installation.\" >&2\n    exit 1\nfi\n# This output is used by Xcode 'outputs' to avoid re-running this script phase.\necho \"SUCCESS\" > \"${SCRIPT_OUTPUT_FILE_0}\"\n";
			showEnvVarsInLog = 0;
		};
		3C4C0E9B547B2FCE9957419B /* [CP] Check Pods Manifest.lock */ = {
			isa = PBXShellScriptBuildPhase;
			buildActionMask = 2147483647;
			files = (
			);
			inputFileListPaths = (
			);
			inputPaths = (
				"${PODS_PODFILE_DIR_PATH}/Podfile.lock",
				"${PODS_ROOT}/Manifest.lock",
			);
			name = "[CP] Check Pods Manifest.lock";
			outputFileListPaths = (
			);
			outputPaths = (
				"$(DERIVED_FILE_DIR)/Pods-Manka-checkManifestLockResult.txt",
			);
			runOnlyForDeploymentPostprocessing = 0;
			shellPath = /bin/sh;
			shellScript = "diff \"${PODS_PODFILE_DIR_PATH}/Podfile.lock\" \"${PODS_ROOT}/Manifest.lock\" > /dev/null\nif [ $? != 0 ] ; then\n    # print error to STDERR\n    echo \"error: The sandbox is not in sync with the Podfile.lock. Run 'pod install' or update your CocoaPods installation.\" >&2\n    exit 1\nfi\n# This output is used by Xcode 'outputs' to avoid re-running this script phase.\necho \"SUCCESS\" > \"${SCRIPT_OUTPUT_FILE_0}\"\n";
			showEnvVarsInLog = 0;
		};
		472AE2D9CA7C615327528DCA /* [CP] Embed Pods Frameworks */ = {
			isa = PBXShellScriptBuildPhase;
			buildActionMask = 2147483647;
			files = (
			);
			inputFileListPaths = (
			);
			inputPaths = (
				"${SRCROOT}/Pods/Target Support Files/Pods-Manka/Pods-Manka-frameworks.sh",
				"${BUILT_PRODUCTS_DIR}/Alamofire/Alamofire.framework",
				"${BUILT_PRODUCTS_DIR}/EmptyDataSet-Swift/EmptyDataSet_Swift.framework",
				"${BUILT_PRODUCTS_DIR}/HMSegmentedControl/HMSegmentedControl.framework",
				"${BUILT_PRODUCTS_DIR}/HandyJSON/HandyJSON.framework",
				"${BUILT_PRODUCTS_DIR}/IQKeyboardManagerSwift/IQKeyboardManagerSwift.framework",
				"${BUILT_PRODUCTS_DIR}/Kingfisher/Kingfisher.framework",
				"${BUILT_PRODUCTS_DIR}/LLCycleScrollView/LLCycleScrollView.framework",
				"${BUILT_PRODUCTS_DIR}/MBProgressHUD/MBProgressHUD.framework",
				"${BUILT_PRODUCTS_DIR}/MJRefresh/MJRefresh.framework",
				"${BUILT_PRODUCTS_DIR}/Moya/Moya.framework",
				"${BUILT_PRODUCTS_DIR}/Result/Result.framework",
				"${BUILT_PRODUCTS_DIR}/Reusable/Reusable.framework",
				"${BUILT_PRODUCTS_DIR}/RxCocoa/RxCocoa.framework",
				"${BUILT_PRODUCTS_DIR}/RxRelay/RxRelay.framework",
				"${BUILT_PRODUCTS_DIR}/RxSwift/RxSwift.framework",
				"${BUILT_PRODUCTS_DIR}/SnapKit/SnapKit.framework",
				"${BUILT_PRODUCTS_DIR}/SnapKitExtend/SnapKitExtend.framework",
				"${BUILT_PRODUCTS_DIR}/Then/Then.framework",
				"${BUILT_PRODUCTS_DIR}/UINavigation-SXFixSpace/UINavigation_SXFixSpace.framework",
			);
			name = "[CP] Embed Pods Frameworks";
			outputFileListPaths = (
			);
			outputPaths = (
				"${TARGET_BUILD_DIR}/${FRAMEWORKS_FOLDER_PATH}/Alamofire.framework",
				"${TARGET_BUILD_DIR}/${FRAMEWORKS_FOLDER_PATH}/EmptyDataSet_Swift.framework",
				"${TARGET_BUILD_DIR}/${FRAMEWORKS_FOLDER_PATH}/HMSegmentedControl.framework",
				"${TARGET_BUILD_DIR}/${FRAMEWORKS_FOLDER_PATH}/HandyJSON.framework",
				"${TARGET_BUILD_DIR}/${FRAMEWORKS_FOLDER_PATH}/IQKeyboardManagerSwift.framework",
				"${TARGET_BUILD_DIR}/${FRAMEWORKS_FOLDER_PATH}/Kingfisher.framework",
				"${TARGET_BUILD_DIR}/${FRAMEWORKS_FOLDER_PATH}/LLCycleScrollView.framework",
				"${TARGET_BUILD_DIR}/${FRAMEWORKS_FOLDER_PATH}/MBProgressHUD.framework",
				"${TARGET_BUILD_DIR}/${FRAMEWORKS_FOLDER_PATH}/MJRefresh.framework",
				"${TARGET_BUILD_DIR}/${FRAMEWORKS_FOLDER_PATH}/Moya.framework",
				"${TARGET_BUILD_DIR}/${FRAMEWORKS_FOLDER_PATH}/Result.framework",
				"${TARGET_BUILD_DIR}/${FRAMEWORKS_FOLDER_PATH}/Reusable.framework",
				"${TARGET_BUILD_DIR}/${FRAMEWORKS_FOLDER_PATH}/RxCocoa.framework",
				"${TARGET_BUILD_DIR}/${FRAMEWORKS_FOLDER_PATH}/RxRelay.framework",
				"${TARGET_BUILD_DIR}/${FRAMEWORKS_FOLDER_PATH}/RxSwift.framework",
				"${TARGET_BUILD_DIR}/${FRAMEWORKS_FOLDER_PATH}/SnapKit.framework",
				"${TARGET_BUILD_DIR}/${FRAMEWORKS_FOLDER_PATH}/SnapKitExtend.framework",
				"${TARGET_BUILD_DIR}/${FRAMEWORKS_FOLDER_PATH}/Then.framework",
				"${TARGET_BUILD_DIR}/${FRAMEWORKS_FOLDER_PATH}/UINavigation_SXFixSpace.framework",
			);
			runOnlyForDeploymentPostprocessing = 0;
			shellPath = /bin/sh;
			shellScript = "\"${SRCROOT}/Pods/Target Support Files/Pods-Manka/Pods-Manka-frameworks.sh\"\n";
			showEnvVarsInLog = 0;
		};
		69420DCA57F127D9EFF795C8 /* [CP] Check Pods Manifest.lock */ = {
			isa = PBXShellScriptBuildPhase;
			buildActionMask = 2147483647;
			files = (
			);
			inputFileListPaths = (
			);
			inputPaths = (
				"${PODS_PODFILE_DIR_PATH}/Podfile.lock",
				"${PODS_ROOT}/Manifest.lock",
			);
			name = "[CP] Check Pods Manifest.lock";
			outputFileListPaths = (
			);
			outputPaths = (
				"$(DERIVED_FILE_DIR)/Pods-MankaTests-checkManifestLockResult.txt",
			);
			runOnlyForDeploymentPostprocessing = 0;
			shellPath = /bin/sh;
			shellScript = "diff \"${PODS_PODFILE_DIR_PATH}/Podfile.lock\" \"${PODS_ROOT}/Manifest.lock\" > /dev/null\nif [ $? != 0 ] ; then\n    # print error to STDERR\n    echo \"error: The sandbox is not in sync with the Podfile.lock. Run 'pod install' or update your CocoaPods installation.\" >&2\n    exit 1\nfi\n# This output is used by Xcode 'outputs' to avoid re-running this script phase.\necho \"SUCCESS\" > \"${SCRIPT_OUTPUT_FILE_0}\"\n";
			showEnvVarsInLog = 0;
		};
/* End PBXShellScriptBuildPhase section */

/* Begin PBXSourcesBuildPhase section */
		D27E4E2724E2D0B6009F3416 /* Sources */ = {
			isa = PBXSourcesBuildPhase;
			buildActionMask = 2147483647;
			files = (
				D2B4BE1224E2E160001546C3 /* MankaTabBarController.swift in Sources */,
				D2B4BE1724E2E3AD001546C3 /* MankaSetting.swift in Sources */,
				D2351D1224E7D90C005C16FF /* MankaComicTVCell.swift in Sources */,
				D2351D0624E43E7B005C16FF /* EmptyDataSet.swift in Sources */,
				D2351CFA24E42E82005C16FF /* MankaRankCollectionViewCell.swift in Sources */,
				D2B4BE2024E2EFBB001546C3 /* MankaNaviController.swift in Sources */,
				D27E4E3324E2D0B6009F3416 /* ViewController.swift in Sources */,
				D27E4E2F24E2D0B6009F3416 /* AppDelegate.swift in Sources */,
				D2B4BE1424E2E327001546C3 /* MankaBaseController.swift in Sources */,
				D2351D1524E7D9A1005C16FF /* MankaBaseTableViewCell.swift in Sources */,
				D2351D0C24E7C9C0005C16FF /* MankaPageController.swift in Sources */,
				D2B4BE1E24E2E881001546C3 /* MankaCateController.swift in Sources */,
				D2351D0E24E7CD69005C16FF /* MankaComicListController.swift in Sources */,
				D2351CFE24E43920005C16FF /* MankaTopCollectionViewCell.swift in Sources */,
				D27E4E3924E2D0B6009F3416 /* Manka.xcdatamodeld in Sources */,
				D2351CF824E42C38005C16FF /* MankaModel.swift in Sources */,
				D2351D0124E43A2E005C16FF /* MankaAPI.swift in Sources */,
				D2351D0424E43E09005C16FF /* Refresh.swift in Sources */,
				D2351CFC24E43025005C16FF /* MankaBaseCollectionViewCell.swift in Sources */,
				D27E4E3124E2D0B6009F3416 /* SceneDelegate.swift in Sources */,
			);
			runOnlyForDeploymentPostprocessing = 0;
		};
		D27E4E4024E2D0B8009F3416 /* Sources */ = {
			isa = PBXSourcesBuildPhase;
			buildActionMask = 2147483647;
			files = (
				D27E4E4924E2D0B8009F3416 /* MankaTests.swift in Sources */,
			);
			runOnlyForDeploymentPostprocessing = 0;
		};
		D27E4E4B24E2D0B8009F3416 /* Sources */ = {
			isa = PBXSourcesBuildPhase;
			buildActionMask = 2147483647;
			files = (
				D27E4E5424E2D0B8009F3416 /* MankaUITests.swift in Sources */,
			);
			runOnlyForDeploymentPostprocessing = 0;
		};
/* End PBXSourcesBuildPhase section */

/* Begin PBXTargetDependency section */
		D27E4E4624E2D0B8009F3416 /* PBXTargetDependency */ = {
			isa = PBXTargetDependency;
			target = D27E4E2A24E2D0B6009F3416 /* Manka */;
			targetProxy = D27E4E4524E2D0B8009F3416 /* PBXContainerItemProxy */;
		};
		D27E4E5124E2D0B8009F3416 /* PBXTargetDependency */ = {
			isa = PBXTargetDependency;
			target = D27E4E2A24E2D0B6009F3416 /* Manka */;
			targetProxy = D27E4E5024E2D0B8009F3416 /* PBXContainerItemProxy */;
		};
/* End PBXTargetDependency section */

/* Begin PBXVariantGroup section */
		D27E4E3424E2D0B6009F3416 /* Main.storyboard */ = {
			isa = PBXVariantGroup;
			children = (
				D27E4E3524E2D0B6009F3416 /* Base */,
			);
			name = Main.storyboard;
			sourceTree = "<group>";
		};
		D27E4E3C24E2D0B8009F3416 /* LaunchScreen.storyboard */ = {
			isa = PBXVariantGroup;
			children = (
				D27E4E3D24E2D0B8009F3416 /* Base */,
			);
			name = LaunchScreen.storyboard;
			sourceTree = "<group>";
		};
/* End PBXVariantGroup section */

/* Begin XCBuildConfiguration section */
		D27E4E5624E2D0B8009F3416 /* Debug */ = {
			isa = XCBuildConfiguration;
			buildSettings = {
				ALWAYS_SEARCH_USER_PATHS = NO;
				CLANG_ANALYZER_NONNULL = YES;
				CLANG_ANALYZER_NUMBER_OBJECT_CONVERSION = YES_AGGRESSIVE;
				CLANG_CXX_LANGUAGE_STANDARD = "gnu++14";
				CLANG_CXX_LIBRARY = "libc++";
				CLANG_ENABLE_MODULES = YES;
				CLANG_ENABLE_OBJC_ARC = YES;
				CLANG_ENABLE_OBJC_WEAK = YES;
				CLANG_WARN_BLOCK_CAPTURE_AUTORELEASING = YES;
				CLANG_WARN_BOOL_CONVERSION = YES;
				CLANG_WARN_COMMA = YES;
				CLANG_WARN_CONSTANT_CONVERSION = YES;
				CLANG_WARN_DEPRECATED_OBJC_IMPLEMENTATIONS = YES;
				CLANG_WARN_DIRECT_OBJC_ISA_USAGE = YES_ERROR;
				CLANG_WARN_DOCUMENTATION_COMMENTS = YES;
				CLANG_WARN_EMPTY_BODY = YES;
				CLANG_WARN_ENUM_CONVERSION = YES;
				CLANG_WARN_INFINITE_RECURSION = YES;
				CLANG_WARN_INT_CONVERSION = YES;
				CLANG_WARN_NON_LITERAL_NULL_CONVERSION = YES;
				CLANG_WARN_OBJC_IMPLICIT_RETAIN_SELF = YES;
				CLANG_WARN_OBJC_LITERAL_CONVERSION = YES;
				CLANG_WARN_OBJC_ROOT_CLASS = YES_ERROR;
				CLANG_WARN_RANGE_LOOP_ANALYSIS = YES;
				CLANG_WARN_STRICT_PROTOTYPES = YES;
				CLANG_WARN_SUSPICIOUS_MOVE = YES;
				CLANG_WARN_UNGUARDED_AVAILABILITY = YES_AGGRESSIVE;
				CLANG_WARN_UNREACHABLE_CODE = YES;
				CLANG_WARN__DUPLICATE_METHOD_MATCH = YES;
				COPY_PHASE_STRIP = NO;
				DEBUG_INFORMATION_FORMAT = dwarf;
				ENABLE_STRICT_OBJC_MSGSEND = YES;
				ENABLE_TESTABILITY = YES;
				GCC_C_LANGUAGE_STANDARD = gnu11;
				GCC_DYNAMIC_NO_PIC = NO;
				GCC_NO_COMMON_BLOCKS = YES;
				GCC_OPTIMIZATION_LEVEL = 0;
				GCC_PREPROCESSOR_DEFINITIONS = (
					"DEBUG=1",
					"$(inherited)",
				);
				GCC_WARN_64_TO_32_BIT_CONVERSION = YES;
				GCC_WARN_ABOUT_RETURN_TYPE = YES_ERROR;
				GCC_WARN_UNDECLARED_SELECTOR = YES;
				GCC_WARN_UNINITIALIZED_AUTOS = YES_AGGRESSIVE;
				GCC_WARN_UNUSED_FUNCTION = YES;
				GCC_WARN_UNUSED_VARIABLE = YES;
				IPHONEOS_DEPLOYMENT_TARGET = 13.0;
				MTL_ENABLE_DEBUG_INFO = INCLUDE_SOURCE;
				MTL_FAST_MATH = YES;
				ONLY_ACTIVE_ARCH = YES;
				SDKROOT = iphoneos;
				SWIFT_ACTIVE_COMPILATION_CONDITIONS = DEBUG;
				SWIFT_OPTIMIZATION_LEVEL = "-Onone";
			};
			name = Debug;
		};
		D27E4E5724E2D0B8009F3416 /* Release */ = {
			isa = XCBuildConfiguration;
			buildSettings = {
				ALWAYS_SEARCH_USER_PATHS = NO;
				CLANG_ANALYZER_NONNULL = YES;
				CLANG_ANALYZER_NUMBER_OBJECT_CONVERSION = YES_AGGRESSIVE;
				CLANG_CXX_LANGUAGE_STANDARD = "gnu++14";
				CLANG_CXX_LIBRARY = "libc++";
				CLANG_ENABLE_MODULES = YES;
				CLANG_ENABLE_OBJC_ARC = YES;
				CLANG_ENABLE_OBJC_WEAK = YES;
				CLANG_WARN_BLOCK_CAPTURE_AUTORELEASING = YES;
				CLANG_WARN_BOOL_CONVERSION = YES;
				CLANG_WARN_COMMA = YES;
				CLANG_WARN_CONSTANT_CONVERSION = YES;
				CLANG_WARN_DEPRECATED_OBJC_IMPLEMENTATIONS = YES;
				CLANG_WARN_DIRECT_OBJC_ISA_USAGE = YES_ERROR;
				CLANG_WARN_DOCUMENTATION_COMMENTS = YES;
				CLANG_WARN_EMPTY_BODY = YES;
				CLANG_WARN_ENUM_CONVERSION = YES;
				CLANG_WARN_INFINITE_RECURSION = YES;
				CLANG_WARN_INT_CONVERSION = YES;
				CLANG_WARN_NON_LITERAL_NULL_CONVERSION = YES;
				CLANG_WARN_OBJC_IMPLICIT_RETAIN_SELF = YES;
				CLANG_WARN_OBJC_LITERAL_CONVERSION = YES;
				CLANG_WARN_OBJC_ROOT_CLASS = YES_ERROR;
				CLANG_WARN_RANGE_LOOP_ANALYSIS = YES;
				CLANG_WARN_STRICT_PROTOTYPES = YES;
				CLANG_WARN_SUSPICIOUS_MOVE = YES;
				CLANG_WARN_UNGUARDED_AVAILABILITY = YES_AGGRESSIVE;
				CLANG_WARN_UNREACHABLE_CODE = YES;
				CLANG_WARN__DUPLICATE_METHOD_MATCH = YES;
				COPY_PHASE_STRIP = NO;
				DEBUG_INFORMATION_FORMAT = "dwarf-with-dsym";
				ENABLE_NS_ASSERTIONS = NO;
				ENABLE_STRICT_OBJC_MSGSEND = YES;
				GCC_C_LANGUAGE_STANDARD = gnu11;
				GCC_NO_COMMON_BLOCKS = YES;
				GCC_WARN_64_TO_32_BIT_CONVERSION = YES;
				GCC_WARN_ABOUT_RETURN_TYPE = YES_ERROR;
				GCC_WARN_UNDECLARED_SELECTOR = YES;
				GCC_WARN_UNINITIALIZED_AUTOS = YES_AGGRESSIVE;
				GCC_WARN_UNUSED_FUNCTION = YES;
				GCC_WARN_UNUSED_VARIABLE = YES;
				IPHONEOS_DEPLOYMENT_TARGET = 13.0;
				MTL_ENABLE_DEBUG_INFO = NO;
				MTL_FAST_MATH = YES;
				SDKROOT = iphoneos;
				SWIFT_COMPILATION_MODE = wholemodule;
				SWIFT_OPTIMIZATION_LEVEL = "-O";
				VALIDATE_PRODUCT = YES;
			};
			name = Release;
		};
		D27E4E5924E2D0B8009F3416 /* Debug */ = {
			isa = XCBuildConfiguration;
			baseConfigurationReference = 7A77CA8F20464C3C424D3E35 /* Pods-Manka.debug.xcconfig */;
			buildSettings = {
				ASSETCATALOG_COMPILER_APPICON_NAME = AppIcon;
				CODE_SIGN_STYLE = Automatic;
				DEVELOPMENT_TEAM = TKUKNKW8ZJ;
				INFOPLIST_FILE = Manka/Info.plist;
				LD_RUNPATH_SEARCH_PATHS = (
					"$(inherited)",
					"@executable_path/Frameworks",
				);
				PRODUCT_BUNDLE_IDENTIFIER = com.sinyuchen.Manka;
				PRODUCT_NAME = "$(TARGET_NAME)";
				SWIFT_VERSION = 5.0;
				TARGETED_DEVICE_FAMILY = 1;
			};
			name = Debug;
		};
		D27E4E5A24E2D0B8009F3416 /* Release */ = {
			isa = XCBuildConfiguration;
			baseConfigurationReference = 61562E0404A98F82C88AEA3A /* Pods-Manka.release.xcconfig */;
			buildSettings = {
				ASSETCATALOG_COMPILER_APPICON_NAME = AppIcon;
				CODE_SIGN_STYLE = Automatic;
				DEVELOPMENT_TEAM = TKUKNKW8ZJ;
				INFOPLIST_FILE = Manka/Info.plist;
				LD_RUNPATH_SEARCH_PATHS = (
					"$(inherited)",
					"@executable_path/Frameworks",
				);
				PRODUCT_BUNDLE_IDENTIFIER = com.sinyuchen.Manka;
				PRODUCT_NAME = "$(TARGET_NAME)";
				SWIFT_VERSION = 5.0;
				TARGETED_DEVICE_FAMILY = 1;
			};
			name = Release;
		};
		D27E4E5C24E2D0B8009F3416 /* Debug */ = {
			isa = XCBuildConfiguration;
			baseConfigurationReference = E1468107E0729EDAA4ECB08A /* Pods-MankaTests.debug.xcconfig */;
			buildSettings = {
				ALWAYS_EMBED_SWIFT_STANDARD_LIBRARIES = YES;
				BUNDLE_LOADER = "$(TEST_HOST)";
				CODE_SIGN_STYLE = Automatic;
				DEVELOPMENT_TEAM = TKUKNKW8ZJ;
				INFOPLIST_FILE = MankaTests/Info.plist;
				IPHONEOS_DEPLOYMENT_TARGET = 13.2;
				LD_RUNPATH_SEARCH_PATHS = (
					"$(inherited)",
					"@executable_path/Frameworks",
					"@loader_path/Frameworks",
				);
				PRODUCT_BUNDLE_IDENTIFIER = com.sinyuchen.MankaTests;
				PRODUCT_NAME = "$(TARGET_NAME)";
				SWIFT_VERSION = 5.0;
				TARGETED_DEVICE_FAMILY = "1,2";
				TEST_HOST = "$(BUILT_PRODUCTS_DIR)/Manka.app/Manka";
			};
			name = Debug;
		};
		D27E4E5D24E2D0B8009F3416 /* Release */ = {
			isa = XCBuildConfiguration;
			baseConfigurationReference = 9AC00DDB3A273B4309C7D4F4 /* Pods-MankaTests.release.xcconfig */;
			buildSettings = {
				ALWAYS_EMBED_SWIFT_STANDARD_LIBRARIES = YES;
				BUNDLE_LOADER = "$(TEST_HOST)";
				CODE_SIGN_STYLE = Automatic;
				DEVELOPMENT_TEAM = TKUKNKW8ZJ;
				INFOPLIST_FILE = MankaTests/Info.plist;
				IPHONEOS_DEPLOYMENT_TARGET = 13.2;
				LD_RUNPATH_SEARCH_PATHS = (
					"$(inherited)",
					"@executable_path/Frameworks",
					"@loader_path/Frameworks",
				);
				PRODUCT_BUNDLE_IDENTIFIER = com.sinyuchen.MankaTests;
				PRODUCT_NAME = "$(TARGET_NAME)";
				SWIFT_VERSION = 5.0;
				TARGETED_DEVICE_FAMILY = "1,2";
				TEST_HOST = "$(BUILT_PRODUCTS_DIR)/Manka.app/Manka";
			};
			name = Release;
		};
		D27E4E5F24E2D0B8009F3416 /* Debug */ = {
			isa = XCBuildConfiguration;
			baseConfigurationReference = 20B68509286D5F2B000FA412 /* Pods-MankaUITests.debug.xcconfig */;
			buildSettings = {
				ALWAYS_EMBED_SWIFT_STANDARD_LIBRARIES = YES;
				CODE_SIGN_STYLE = Automatic;
				DEVELOPMENT_TEAM = TKUKNKW8ZJ;
				INFOPLIST_FILE = MankaUITests/Info.plist;
				LD_RUNPATH_SEARCH_PATHS = (
					"$(inherited)",
					"@executable_path/Frameworks",
					"@loader_path/Frameworks",
				);
				PRODUCT_BUNDLE_IDENTIFIER = com.sinyuchen.MankaUITests;
				PRODUCT_NAME = "$(TARGET_NAME)";
				SWIFT_VERSION = 5.0;
				TARGETED_DEVICE_FAMILY = "1,2";
				TEST_TARGET_NAME = Manka;
			};
			name = Debug;
		};
		D27E4E6024E2D0B8009F3416 /* Release */ = {
			isa = XCBuildConfiguration;
			baseConfigurationReference = 1D1DE57C81A9570CBA1BAE72 /* Pods-MankaUITests.release.xcconfig */;
			buildSettings = {
				ALWAYS_EMBED_SWIFT_STANDARD_LIBRARIES = YES;
				CODE_SIGN_STYLE = Automatic;
				DEVELOPMENT_TEAM = TKUKNKW8ZJ;
				INFOPLIST_FILE = MankaUITests/Info.plist;
				LD_RUNPATH_SEARCH_PATHS = (
					"$(inherited)",
					"@executable_path/Frameworks",
					"@loader_path/Frameworks",
				);
				PRODUCT_BUNDLE_IDENTIFIER = com.sinyuchen.MankaUITests;
				PRODUCT_NAME = "$(TARGET_NAME)";
				SWIFT_VERSION = 5.0;
				TARGETED_DEVICE_FAMILY = "1,2";
				TEST_TARGET_NAME = Manka;
			};
			name = Release;
		};
/* End XCBuildConfiguration section */

/* Begin XCConfigurationList section */
		D27E4E2624E2D0B6009F3416 /* Build configuration list for PBXProject "Manka" */ = {
			isa = XCConfigurationList;
			buildConfigurations = (
				D27E4E5624E2D0B8009F3416 /* Debug */,
				D27E4E5724E2D0B8009F3416 /* Release */,
			);
			defaultConfigurationIsVisible = 0;
			defaultConfigurationName = Release;
		};
		D27E4E5824E2D0B8009F3416 /* Build configuration list for PBXNativeTarget "Manka" */ = {
			isa = XCConfigurationList;
			buildConfigurations = (
				D27E4E5924E2D0B8009F3416 /* Debug */,
				D27E4E5A24E2D0B8009F3416 /* Release */,
			);
			defaultConfigurationIsVisible = 0;
			defaultConfigurationName = Release;
		};
		D27E4E5B24E2D0B8009F3416 /* Build configuration list for PBXNativeTarget "MankaTests" */ = {
			isa = XCConfigurationList;
			buildConfigurations = (
				D27E4E5C24E2D0B8009F3416 /* Debug */,
				D27E4E5D24E2D0B8009F3416 /* Release */,
			);
			defaultConfigurationIsVisible = 0;
			defaultConfigurationName = Release;
		};
		D27E4E5E24E2D0B8009F3416 /* Build configuration list for PBXNativeTarget "MankaUITests" */ = {
			isa = XCConfigurationList;
			buildConfigurations = (
				D27E4E5F24E2D0B8009F3416 /* Debug */,
				D27E4E6024E2D0B8009F3416 /* Release */,
			);
			defaultConfigurationIsVisible = 0;
			defaultConfigurationName = Release;
		};
/* End XCConfigurationList section */

/* Begin XCVersionGroup section */
		D27E4E3724E2D0B6009F3416 /* Manka.xcdatamodeld */ = {
			isa = XCVersionGroup;
			children = (
				D27E4E3824E2D0B6009F3416 /* Manka.xcdatamodel */,
			);
			currentVersion = D27E4E3824E2D0B6009F3416 /* Manka.xcdatamodel */;
			path = Manka.xcdatamodeld;
			sourceTree = "<group>";
			versionGroupType = wrapper.xcdatamodel;
		};
/* End XCVersionGroup section */
	};
	rootObject = D27E4E2324E2D0B6009F3416 /* Project object */;
}
